PODS:
  - DKNightVersion (2.4.3):
    - DKNightVersion/Core (= 2.4.3)
    - DKNightVersion/CoreAnimation (= 2.4.3)
    - DKNightVersion/UIKit (= 2.4.3)
  - DKNightVersion/Core (2.4.3):
    - DKNightVersion/Core/DeallocBlockExecutor (= 2.4.3)
    - DKNightVersion/Core/extobjc (= 2.4.3)
  - DKNightVersion/Core/DeallocBlockExecutor (2.4.3)
  - DKNightVersion/Core/extobjc (2.4.3)
  - DKNightVersion/CoreAnimation (2.4.3):
    - DKNightVersion/Core
  - DKNightVersion/UIKit (2.4.3):
    - DKNightVersion/Core
  - PureLayout (3.1.4)

DEPENDENCIES:
  - DKNightVersion
  - PureLayout

SPEC REPOS:
  https://github.com/cocoapods/specs.git:
    - DKNightVersion
    - PureLayout

SPEC CHECKSUMS:
  DKNightVersion: eaa80cc4014b4bae7d4b535fd87ecc6a3c2767b3
  PureLayout: f08c01b8dec00bb14a1fefa3de4c7d9c265df85e

PODFILE CHECKSUM: 7083de66f8df9aaec10eb7d72c80765d30a15a9a

COCOAPODS: 1.7.2
